
Microsoft Visual Studio Solution File, Format Version 12.00
# Visual Studio 15
Project("{FAE04EC0-301F-11D3-BF4B-00C04F79EFBC}") = "Assembly-CSharp", "Assembly-CSharp.csproj", "{B98E9D89-EAAD-A11C-58F1-E8067B5F2EFF}"
EndProject
Global
	GlobalSection(SolutionConfigurationPlatforms) = preSolution
		Debug|Any CPU = Debug|Any CPU
		Release|Any CPU = Release|Any CPU
	EndGlobalSection
	GlobalSection(ProjectConfigurationPlatforms) = postSolution
		{B98E9D89-EAAD-A11C-58F1-E8067B5F2EFF}.Debug|Any CPU.ActiveCfg = Debug|Any CPU
		{B98E9D89-EAAD-A11C-58F1-E8067B5F2EFF}.Debug|Any CPU.Build.0 = Debug|Any CPU
		{B98E9D89-EAAD-A11C-58F1-E8067B5F2EFF}.Release|Any CPU.ActiveCfg = Release|Any CPU
		{B98E9D89-EAAD-A11C-58F1-E8067B5F2EFF}.Release|Any CPU.Build.0 = Release|Any CPU
	EndGlobalSection
	GlobalSection(SolutionProperties) = preSolution
		HideSolutionNode = FALSE
	EndGlobalSection
EndGlobal
